// !$*UTF8*$!
{
	archiveVersion = 1;
	classes = {
	};
	objectVersion = 46;
	objects = {

/* Begin PBXBuildFile section */
		0435D26F1D35F554008DE4FB /* AppDelegate.swift in Sources */ = {isa = PBXBuildFile; fileRef = 0435D26E1D35F554008DE4FB /* AppDelegate.swift */; };
		0435D2711D35F554008DE4FB /* ViewController.swift in Sources */ = {isa = PBXBuildFile; fileRef = 0435D2701D35F554008DE4FB /* ViewController.swift */; };
		0435D2741D35F554008DE4FB /* Main.storyboard in Resources */ = {isa = PBXBuildFile; fileRef = 0435D2721D35F554008DE4FB /* Main.storyboard */; };
		0435D2761D35F554008DE4FB /* Assets.xcassets in Resources */ = {isa = PBXBuildFile; fileRef = 0435D2751D35F554008DE4FB /* Assets.xcassets */; };
		0435D2791D35F554008DE4FB /* LaunchScreen.storyboard in Resources */ = {isa = PBXBuildFile; fileRef = 0435D2771D35F554008DE4FB /* LaunchScreen.storyboard */; };
/* End PBXBuildFile section */

/* Begin PBXFileReference section */
		0435D26B1D35F554008DE4FB /* ourCounterApp.app */ = {isa = PBXFileReference; explicitFileType = wrapper.application; includeInIndex = 0; path = ourCounterApp.app; sourceTree = BUILT_PRODUCTS_DIR; };
		0435D26E1D35F554008DE4FB /* AppDelegate.swift */ = {isa = PBXFileReference; lastKnownFileType = sourcecode.swift; path = AppDelegate.swift; sourceTree = "<group>"; };
		0435D2701D35F554008DE4FB /* ViewController.swift */ = {isa = PBXFileReference; lastKnownFileType = sourcecode.swift; path = ViewController.swift; sourceTree = "<group>"; };
		0435D2731D35F554008DE4FB /* Base */ = {isa = PBXFileReference; lastKnownFileType = file.storyboard; name = Base; path = Base.lproj/Main.storyboard; sourceTree = "<group>"; };
		0435D2751D35F554008DE4FB /* Assets.xcassets */ = {isa = PBXFileReference; lastKnownFileType = folder.assetcatalog; path = Assets.xcassets; sourceTree = "<group>"; };
		0435D2781D35F554008DE4FB /* Base */ = {isa = PBXFileReference; lastKnownFileType = file.storyboard; name = Base; path = Base.lproj/LaunchScreen.storyboard; sourceTree = "<group>"; };
		0435D27A1D35F554008DE4FB /* Info.plist */ = {isa = PBXFileReference; lastKnownFileType = text.plist.xml; path = Info.plist; sourceTree = "<group>"; };
/* End PBXFileReference section */

/* Begin PBXFrameworksBuildPhase section */
		0435D2681D35F554008DE4FB /* Frameworks */ = {
			isa = PBXFrameworksBuildPhase;
			buildActionMask = 2147483647;
			files = (
			);
			runOnlyForDeploymentPostprocessing = 0;
		};
/* End PBXFrameworksBuildPhase section */

/* Begin PBXGroup section */
		0435D2621D35F554008DE4FB = {
			isa = PBXGroup;
			children = (
				0435D26D1D35F554008DE4FB /* ourCounterApp */,
				0435D26C1D35F554008DE4FB /* Products */,
			);
			sourceTree = "<group>";
		};
		0435D26C1D35F554008DE4FB /* Products */ = {
			isa = PBXGroup;
			children = (
				0435D26B1D35F554008DE4FB /* ourCounterApp.app */,
			);
			name = Products;
			sourceTree = "<group>";
		};
		0435D26D1D35F554008DE4FB /* ourCounterApp */ = {
			isa = PBXGroup;
			children = (
				0435D26E1D35F554008DE4FB /* AppDelegate.swift */,
				0435D2701D35F554008DE4FB /* ViewController.swift */,
				0435D2721D35F554008DE4FB /* Main.storyboard */,
				0435D2751D35F554008DE4FB /* Assets.xcassets */,
				0435D2771D35F554008DE4FB /* LaunchScreen.storyboard */,
				0435D27A1D35F554008DE4FB /* Info.plist */,
			);
			path = ourCounterApp;
			sourceTree = "<group>";
		};
/* End PBXGroup section */

/* Begin PBXNativeTarget section */
		0435D26A1D35F554008DE4FB /* ourCounterApp */ = {
			isa = PBXNativeTarget;
			buildConfigurationList = 0435D27D1D35F554008DE4FB /* Build configuration list for PBXNativeTarget "ourCounterApp" */;
			buildPhases = (
				0435D2671D35F554008DE4FB /* Sources */,
				0435D2681D35F554008DE4FB /* Frameworks */,
				0435D2691D35F554008DE4FB /* Resources */,
			);
			buildRules = (
			);
			dependencies = (
			);
			name = ourCounterApp;
			productName = ourCounterApp;
			productReference = 0435D26B1D35F554008DE4FB /* ourCounterApp.app */;
			productType = "com.apple.product-type.application";
		};
/* End PBXNativeTarget section */

/* Begin PBXProject section */
		0435D2631D35F554008DE4FB /* Project object */ = {
			isa = PBXProject;
			attributes = {
				LastSwiftUpdateCheck = 0730;
				LastUpgradeCheck = 0730;
				ORGANIZATIONNAME = "Septi Maulina";
				TargetAttributes = {
					0435D26A1D35F554008DE4FB = {
						CreatedOnToolsVersion = 7.3.1;
					};
				};
			};
			buildConfigurationList = 0435D2661D35F554008DE4FB /* Build configuration list for PBXProject "ourCounterApp" */;
			compatibilityVersion = "Xcode 3.2";
			developmentRegion = English;
			hasScannedForEncodings = 0;
			knownRegions = (
				en,
				Base,
			);
			mainGroup = 0435D2621D35F554008DE4FB;
			productRefGroup = 0435D26C1D35F554008DE4FB /* Products */;
			projectDirPath = "";
			projectRoot = "";
			targets = (
				0435D26A1D35F554008DE4FB /* ourCounterApp */,
			);
		};
/* End PBXProject section */

/* Begin PBXResourcesBuildPhase section */
		0435D2691D35F554008DE4FB /* Resources */ = {
			isa = PBXResourcesBuildPhase;
			buildActionMask = 2147483647;
			files = (
				0435D2791D35F554008DE4FB /* LaunchScreen.storyboard in Resources */,
				0435D2761D35F554008DE4FB /* Assets.xcassets in Resources */,
				0435D2741D35F554008DE4FB /* Main.storyboard in Resources */,
			);
			runOnlyForDeploymentPostprocessing = 0;
		};
/* End PBXResourcesBuildPhase section */

/* Begin PBXSourcesBuildPhase section */
		0435D2671D35F554008DE4FB /* Sources */ = {
			isa = PBXSourcesBuildPhase;
			buildActionMask = 2147483647;
			files = (
				0435D2711D35F554008DE4FB /* ViewController.swift in Sources */,
				0435D26F1D35F554008DE4FB /* AppDelegate.swift in Sources */,
			);
			runOnlyForDeploymentPostprocessing = 0;
		};
/* End PBXSourcesBuildPhase section */

/* Begin PBXVariantGroup section */
		0435D2721D35F554008DE4FB /* Main.storyboard */ = {
			isa = PBXVariantGroup;
			children = (
				0435D2731D35F554008DE4FB /* Base */,
			);
			name = Main.storyboard;
			sourceTree = "<group>";
		};
		0435D2771D35F554008DE4FB /* LaunchScreen.storyboard */ = {
			isa = PBXVariantGroup;
			children = (
				0435D2781D35F554008DE4FB /* Base */,
			);
			name = LaunchScreen.storyboard;
			sourceTree = "<group>";
		};
/* End PBXVariantGroup section */

/* Begin XCBuildConfiguration section */
		0435D27B1D35F554008DE4FB /* Debug */ = {
			isa = XCBuildConfiguration;
			buildSettings = {
				ALWAYS_SEARCH_USER_PATHS = NO;
				CLANG_ANALYZER_NONNULL = YES;
				CLANG_CXX_LANGUAGE_STANDARD = "gnu++0x";
				CLANG_CXX_LIBRARY = "libc++";
				CLANG_ENABLE_MODULES = YES;
				CLANG_ENABLE_OBJC_ARC = YES;
				CLANG_WARN_BOOL_CONVERSION = YES;
				CLANG_WARN_CONSTANT_CONVERSION = YES;
				CLANG_WARN_DIRECT_OBJC_ISA_USAGE = YES_ERROR;
				CLANG_WARN_EMPTY_BODY = YES;
				CLANG_WARN_ENUM_CONVERSION = YES;
				CLANG_WARN_INT_CONVERSION = YES;
				CLANG_WARN_OBJC_ROOT_CLASS = YES_ERROR;
				CLANG_WARN_UNREACHABLE_CODE = YES;
				CLANG_WARN__DUPLICATE_METHOD_MATCH = YES;
				"CODE_SIGN_IDENTITY[sdk=iphoneos*]" = "iPhone Developer";
				COPY_PHASE_STRIP = NO;
				DEBUG_INFORMATION_FORMAT = dwarf;
				ENABLE_STRICT_OBJC_MSGSEND = YES;
				ENABLE_TESTABILITY = YES;
				GCC_C_LANGUAGE_STANDARD = gnu99;
				GCC_DYNAMIC_NO_PIC = NO;
				GCC_NO_COMMON_BLOCKS = YES;
				GCC_OPTIMIZATION_LEVEL = 0;
				GCC_PREPROCESSOR_DEFINITIONS = (
					"DEBUG=1",
					"$(inherited)",
				);
				GCC_WARN_64_TO_32_BIT_CONVERSION = YES;
				GCC_WARN_ABOUT_RETURN_TYPE = YES_ERROR;
				GCC_WARN_UNDECLARED_SELECTOR = YES;
				GCC_WARN_UNINITIALIZED_AUTOS = YES_AGGRESSIVE;
				GCC_WARN_UNUSED_FUNCTION = YES;
				GCC_WARN_UNUSED_VARIABLE = YES;
				IPHONEOS_DEPLOYMENT_TARGET = 9.3;
				MTL_ENABLE_DEBUG_INFO = YES;
				ONLY_ACTIVE_ARCH = YES;
				SDKROOT = iphoneos;
				SWIFT_OPTIMIZATION_LEVEL = "-Onone";
			};
			name = Debug;
		};
		0435D27C1D35F554008DE4FB /* Release */ = {
			isa = XCBuildConfiguration;
			buildSettings = {
				ALWAYS_SEARCH_USER_PATHS = NO;
				CLANG_ANALYZER_NONNULL = YES;
				CLANG_CXX_LANGUAGE_STANDARD = "gnu++0x";
				CLANG_CXX_LIBRARY = "libc++";
				CLANG_ENABLE_MODULES = YES;
				CLANG_ENABLE_OBJC_ARC = YES;
				CLANG_WARN_BOOL_CONVERSION = YES;
				CLANG_WARN_CONSTANT_CONVERSION = YES;
				CLANG_WARN_DIRECT_OBJC_ISA_USAGE = YES_ERROR;
				CLANG_WARN_EMPTY_BODY = YES;
				CLANG_WARN_ENUM_CONVERSION = YES;
				CLANG_WARN_INT_CONVERSION = YES;
				CLANG_WARN_OBJC_ROOT_CLASS = YES_ERROR;
				CLANG_WARN_UNREACHABLE_CODE = YES;
				CLANG_WARN__DUPLICATE_METHOD_MATCH = YES;
				"CODE_SIGN_IDENTITY[sdk=iphoneos*]" = "iPhone Developer";
				COPY_PHASE_STRIP = NO;
				DEBUG_INFORMATION_FORMAT = "dwarf-with-dsym";
				ENABLE_NS_ASSERTIONS = NO;
				ENABLE_STRICT_OBJC_MSGSEND = YES;
				GCC_C_LANGUAGE_STANDARD = gnu99;
				GCC_NO_COMMON_BLOCKS = YES;
				GCC_WARN_64_TO_32_BIT_CONVERSION = YES;
				GCC_WARN_ABOUT_RETURN_TYPE = YES_ERROR;
				GCC_WARN_UNDECLARED_SELECTOR = YES;
				GCC_WARN_UNINITIALIZED_AUTOS = YES_AGGRESSIVE;
				GCC_WARN_UNUSED_FUNCTION = YES;
				GCC_WARN_UNUSED_VARIABLE = YES;
				IPHONEOS_DEPLOYMENT_TARGET = 9.3;
				MTL_ENABLE_DEBUG_INFO = NO;
				SDKROOT = iphoneos;
				VALIDATE_PRODUCT = YES;
			};
			name = Release;
		};
		0435D27E1D35F554008DE4FB /* Debug */ = {
			isa = XCBuildConfiguration;
			buildSettings = {
				ASSETCATALOG_COMPILER_APPICON_NAME = AppIcon;
				INFOPLIST_FILE = ourCounterApp/Info.plist;
				IPHONEOS_DEPLOYMENT_TARGET = 8.0;
				LD_RUNPATH_SEARCH_PATHS = "$(inherited) @executable_path/Frameworks";
				PRODUCT_BUNDLE_IDENTIFIER = com.septimaulina.ourCounterApp;
				PRODUCT_NAME = "$(TARGET_NAME)";
				TARGETED_DEVICE_FAMILY = 1;
			};
			name = Debug;
		};
		0435D27F1D35F554008DE4FB /* Release */ = {
			isa = XCBuildConfiguration;
			buildSettings = {
				ASSETCATALOG_COMPILER_APPICON_NAME = AppIcon;
				INFOPLIST_FILE = ourCounterApp/Info.plist;
				IPHONEOS_DEPLOYMENT_TARGET = 8.0;
				LD_RUNPATH_SEARCH_PATHS = "$(inherited) @executable_path/Frameworks";
				PRODUCT_BUNDLE_IDENTIFIER = com.septimaulina.ourCounterApp;
				PRODUCT_NAME = "$(TARGET_NAME)";
				TARGETED_DEVICE_FAMILY = 1;
			};
			name = Release;
		};
/* End XCBuildConfiguration section */

/* Begin XCConfigurationList section */
		0435D2661D35F554008DE4FB /* Build configuration list for PBXProject "ourCounterApp" */ = {
			isa = XCConfigurationList;
			buildConfigurations = (
				0435D27B1D35F554008DE4FB /* Debug */,
				0435D27C1D35F554008DE4FB /* Release */,
			);
			defaultConfigurationIsVisible = 0;
			defaultConfigurationName = Release;
		};
		0435D27D1D35F554008DE4FB /* Build configuration list for PBXNativeTarget "ourCounterApp" */ = {
			isa = XCConfigurationList;
			buildConfigurations = (
				0435D27E1D35F554008DE4FB /* Debug */,
				0435D27F1D35F554008DE4FB /* Release */,
			);
			defaultConfigurationIsVisible = 0;
		};
/* End XCConfigurationList section */
	};
	rootObject = 0435D2631D35F554008DE4FB /* Project object */;
}
